
Microsoft Visual Studio Solution File, Format Version 12.00
Project("{FAE04EC0-301F-11D3-BF4B-00C04F79EFBC}") = "StartUp", "StartUp\StartUp.csproj", "{AF10F13A-927F-4B33-90E4-E38BDA001FE3}"
EndProject
Project("{FAE04EC0-301F-11D3-BF4B-00C04F79EFBC}") = "Application", "Application\Application.csproj", "{1BF5F347-EA6A-44C0-8B52-CF05751C92EB}"
EndProject
Project("{2150E333-8FDC-42A3-9474-1A3956D46DE8}") = "Drivens", "Drivens", "{A93DDB18-A8B7-426B-A06F-F87E95734A04}"
EndProject
Project("{2150E333-8FDC-42A3-9474-1A3956D46DE8}") = "Drivings", "Drivings", "{40A18085-E732-4440-8A08-6FB12F9FC2B0}"
EndProject
Project("{FAE04EC0-301F-11D3-BF4B-00C04F79EFBC}") = "PrimaryDbSqlServer", "Drivens\PrimaryDbSqlServer\PrimaryDbSqlServer.csproj", "{5F25DF79-E43A-432B-835F-12579594EBA0}"
EndProject
Project("{FAE04EC0-301F-11D3-BF4B-00C04F79EFBC}") = "RestfulApi", "Drivings\RestfulApi\RestfulApi.csproj", "{673EBCBF-F012-471E-816C-4965FB482325}"
EndProject
Project("{FAE04EC0-301F-11D3-BF4B-00C04F79EFBC}") = "Auth0Identity", "Drivens\Auth0Identity\Auth0Identity.csproj", "{39A91EB9-D20B-4401-B13E-51A9162B3203}"
EndProject
Project("{2150E333-8FDC-42A3-9474-1A3956D46DE8}") = "Tests", "Tests", "{5C1D0A03-3C01-4FE0-9876-0D1622EBE58D}"
EndProject
Project("{FAE04EC0-301F-11D3-BF4B-00C04F79EFBC}") = "TestProject1", "Tests\TestProject1\TestProject1.csproj", "{3EE05D63-83F8-46A4-9142-E6655EF9FAF6}"
EndProject
Global
	GlobalSection(SolutionConfigurationPlatforms) = preSolution
		Debug|Any CPU = Debug|Any CPU
		Release|Any CPU = Release|Any CPU
	EndGlobalSection
	GlobalSection(ProjectConfigurationPlatforms) = postSolution
		{AF10F13A-927F-4B33-90E4-E38BDA001FE3}.Debug|Any CPU.ActiveCfg = Debug|Any CPU
		{AF10F13A-927F-4B33-90E4-E38BDA001FE3}.Debug|Any CPU.Build.0 = Debug|Any CPU
		{AF10F13A-927F-4B33-90E4-E38BDA001FE3}.Release|Any CPU.ActiveCfg = Release|Any CPU
		{AF10F13A-927F-4B33-90E4-E38BDA001FE3}.Release|Any CPU.Build.0 = Release|Any CPU
		{1BF5F347-EA6A-44C0-8B52-CF05751C92EB}.Debug|Any CPU.ActiveCfg = Debug|Any CPU
		{1BF5F347-EA6A-44C0-8B52-CF05751C92EB}.Debug|Any CPU.Build.0 = Debug|Any CPU
		{1BF5F347-EA6A-44C0-8B52-CF05751C92EB}.Release|Any CPU.ActiveCfg = Release|Any CPU
		{1BF5F347-EA6A-44C0-8B52-CF05751C92EB}.Release|Any CPU.Build.0 = Release|Any CPU
		{5F25DF79-E43A-432B-835F-12579594EBA0}.Debug|Any CPU.ActiveCfg = Debug|Any CPU
		{5F25DF79-E43A-432B-835F-12579594EBA0}.Debug|Any CPU.Build.0 = Debug|Any CPU
		{5F25DF79-E43A-432B-835F-12579594EBA0}.Release|Any CPU.ActiveCfg = Release|Any CPU
		{5F25DF79-E43A-432B-835F-12579594EBA0}.Release|Any CPU.Build.0 = Release|Any CPU
		{673EBCBF-F012-471E-816C-4965FB482325}.Debug|Any CPU.ActiveCfg = Debug|Any CPU
		{673EBCBF-F012-471E-816C-4965FB482325}.Debug|Any CPU.Build.0 = Debug|Any CPU
		{673EBCBF-F012-471E-816C-4965FB482325}.Release|Any CPU.ActiveCfg = Release|Any CPU
		{673EBCBF-F012-471E-816C-4965FB482325}.Release|Any CPU.Build.0 = Release|Any CPU
		{39A91EB9-D20B-4401-B13E-51A9162B3203}.Debug|Any CPU.ActiveCfg = Debug|Any CPU
		{39A91EB9-D20B-4401-B13E-51A9162B3203}.Debug|Any CPU.Build.0 = Debug|Any CPU
		{39A91EB9-D20B-4401-B13E-51A9162B3203}.Release|Any CPU.ActiveCfg = Release|Any CPU
		{39A91EB9-D20B-4401-B13E-51A9162B3203}.Release|Any CPU.Build.0 = Release|Any CPU
		{3EE05D63-83F8-46A4-9142-E6655EF9FAF6}.Debug|Any CPU.ActiveCfg = Debug|Any CPU
		{3EE05D63-83F8-46A4-9142-E6655EF9FAF6}.Debug|Any CPU.Build.0 = Debug|Any CPU
		{3EE05D63-83F8-46A4-9142-E6655EF9FAF6}.Release|Any CPU.ActiveCfg = Release|Any CPU
		{3EE05D63-83F8-46A4-9142-E6655EF9FAF6}.Release|Any CPU.Build.0 = Release|Any CPU
	EndGlobalSection
	GlobalSection(NestedProjects) = preSolution
		{5F25DF79-E43A-432B-835F-12579594EBA0} = {A93DDB18-A8B7-426B-A06F-F87E95734A04}
		{673EBCBF-F012-471E-816C-4965FB482325} = {40A18085-E732-4440-8A08-6FB12F9FC2B0}
		{39A91EB9-D20B-4401-B13E-51A9162B3203} = {A93DDB18-A8B7-426B-A06F-F87E95734A04}
		{3EE05D63-83F8-46A4-9142-E6655EF9FAF6} = {5C1D0A03-3C01-4FE0-9876-0D1622EBE58D}
	EndGlobalSection
EndGlobal
